
Microsoft Visual Studio Solution File, Format Version 12.00
# Visual Studio Version 17
VisualStudioVersion = 17.9.34723.18
MinimumVisualStudioVersion = 10.0.40219.1
Project("{FAE04EC0-301F-11D3-BF4B-00C04F79EFBC}") = "pryOrtizAccionDeInventario", "pryOrtizAccionDeInventario\pryOrtizAccionDeInventario.csproj", "{A03A4C40-DFAD-4C76-81D1-CC85F2804819}"
EndProject
Global
	GlobalSection(SolutionConfigurationPlatforms) = preSolution
		Debug|Any CPU = Debug|Any CPU
		Release|Any CPU = Release|Any CPU
	EndGlobalSection
	GlobalSection(ProjectConfigurationPlatforms) = postSolution
		{A03A4C40-DFAD-4C76-81D1-CC85F2804819}.Debug|Any CPU.ActiveCfg = Debug|Any CPU
		{A03A4C40-DFAD-4C76-81D1-CC85F2804819}.Debug|Any CPU.Build.0 = Debug|Any CPU
		{A03A4C40-DFAD-4C76-81D1-CC85F2804819}.Release|Any CPU.ActiveCfg = Release|Any CPU
		{A03A4C40-DFAD-4C76-81D1-CC85F2804819}.Release|Any CPU.Build.0 = Release|Any CPU
	EndGlobalSection
	GlobalSection(SolutionProperties) = preSolution
		HideSolutionNode = FALSE
	EndGlobalSection
	GlobalSection(ExtensibilityGlobals) = postSolution
		SolutionGuid = {BA192562-1821-478C-B22E-CE84CB88AEDD}
	EndGlobalSection
EndGlobal
